{
  "requires": true,
  "lockfileVersion": 1,
  "dependencies": {
    "bootstrap-star-rating": {
      "version": "4.0.4",
      "resolved": "https://registry.npmjs.org/bootstrap-star-rating/-/bootstrap-star-rating-4.0.4.tgz",
      "integrity": "sha512-/mIsyg5jGeVAgG3tycJPKzznyIeeVon6oxnzaraiHQDypRRWnWHb7QUMS0heFZELa8TIISqI0n0tGV/zurkw9g=="
    }
  }
}
